# This file is automatically @generated by Cargo.
# It is not intended for manual editing.
version = 3

[[package]]
name = "ublog"
version = "0.1.0"

[[package]]
name = "ublog-db"
version = "0.1.0"

[[package]]
name = "ublog-markdown"
version = "0.1.0"

[[package]]
name = "ublog-models"
version = "0.1.0"
